
Microsoft Visual Studio Solution File, Format Version 12.00
# Visual Studio Version 17
VisualStudioVersion = 17.8.34322.80
MinimumVisualStudioVersion = 10.0.40219.1
Project("{FAE04EC0-301F-11D3-BF4B-00C04F79EFBC}") = "LinkedList", "LinkedList\LinkedList.csproj", "{F8D177F3-2988-4CF6-8EC5-2AE1DA81D6E2}"
EndProject
Global
	GlobalSection(SolutionConfigurationPlatforms) = preSolution
		Debug|Any CPU = Debug|Any CPU
		Release|Any CPU = Release|Any CPU
	EndGlobalSection
	GlobalSection(ProjectConfigurationPlatforms) = postSolution
		{F8D177F3-2988-4CF6-8EC5-2AE1DA81D6E2}.Debug|Any CPU.ActiveCfg = Debug|Any CPU
		{F8D177F3-2988-4CF6-8EC5-2AE1DA81D6E2}.Debug|Any CPU.Build.0 = Debug|Any CPU
		{F8D177F3-2988-4CF6-8EC5-2AE1DA81D6E2}.Release|Any CPU.ActiveCfg = Release|Any CPU
		{F8D177F3-2988-4CF6-8EC5-2AE1DA81D6E2}.Release|Any CPU.Build.0 = Release|Any CPU
	EndGlobalSection
	GlobalSection(SolutionProperties) = preSolution
		HideSolutionNode = FALSE
	EndGlobalSection
	GlobalSection(ExtensibilityGlobals) = postSolution
		SolutionGuid = {F5E05F15-466F-4F1D-9C5E-9182CB0F2D2B}
	EndGlobalSection
EndGlobal
